
Microsoft Visual Studio Solution File, Format Version 12.00
# Visual Studio Version 17
VisualStudioVersion = 17.5.33530.505
MinimumVisualStudioVersion = 10.0.40219.1
Project("{FAE04EC0-301F-11D3-BF4B-00C04F79EFBC}") = "FootballShirtsStore", "FootballShirtsStore\FootballShirtsStore.csproj", "{F574EE99-B488-4865-8922-8A095CDF5B16}"
EndProject
Global
	GlobalSection(SolutionConfigurationPlatforms) = preSolution
		Debug|Any CPU = Debug|Any CPU
		Release|Any CPU = Release|Any CPU
	EndGlobalSection
	GlobalSection(ProjectConfigurationPlatforms) = postSolution
		{F574EE99-B488-4865-8922-8A095CDF5B16}.Debug|Any CPU.ActiveCfg = Debug|Any CPU
		{F574EE99-B488-4865-8922-8A095CDF5B16}.Debug|Any CPU.Build.0 = Debug|Any CPU
		{F574EE99-B488-4865-8922-8A095CDF5B16}.Release|Any CPU.ActiveCfg = Release|Any CPU
		{F574EE99-B488-4865-8922-8A095CDF5B16}.Release|Any CPU.Build.0 = Release|Any CPU
	EndGlobalSection
	GlobalSection(SolutionProperties) = preSolution
		HideSolutionNode = FALSE
	EndGlobalSection
	GlobalSection(ExtensibilityGlobals) = postSolution
		SolutionGuid = {D17C5DC3-6D3B-42A4-86A6-40FD04143922}
	EndGlobalSection
EndGlobal
